
Microsoft Visual Studio Solution File, Format Version 12.00
# Visual Studio Version 16
VisualStudioVersion = 16.0.29609.76
MinimumVisualStudioVersion = 10.0.40219.1
Project("{8BC9CEB8-8B4A-11D0-8D11-00A0C91BC942}") = "金蛇狂舞", "金蛇狂舞.vcxproj", "{61F43A74-B304-4DDB-A972-964F8C51919A}"
EndProject
Global
	GlobalSection(SolutionConfigurationPlatforms) = preSolution
		Debug|x64 = Debug|x64
		Debug|x86 = Debug|x86
		Release|x64 = Release|x64
		Release|x86 = Release|x86
	EndGlobalSection
	GlobalSection(ProjectConfigurationPlatforms) = postSolution
		{61F43A74-B304-4DDB-A972-964F8C51919A}.Debug|x64.ActiveCfg = Debug|x64
		{61F43A74-B304-4DDB-A972-964F8C51919A}.Debug|x64.Build.0 = Debug|x64
		{61F43A74-B304-4DDB-A972-964F8C51919A}.Debug|x86.ActiveCfg = Debug|Win32
		{61F43A74-B304-4DDB-A972-964F8C51919A}.Debug|x86.Build.0 = Debug|Win32
		{61F43A74-B304-4DDB-A972-964F8C51919A}.Release|x64.ActiveCfg = Release|x64
		{61F43A74-B304-4DDB-A972-964F8C51919A}.Release|x64.Build.0 = Release|x64
		{61F43A74-B304-4DDB-A972-964F8C51919A}.Release|x86.ActiveCfg = Release|Win32
		{61F43A74-B304-4DDB-A972-964F8C51919A}.Release|x86.Build.0 = Release|Win32
	EndGlobalSection
	GlobalSection(SolutionProperties) = preSolution
		HideSolutionNode = FALSE
	EndGlobalSection
	GlobalSection(ExtensibilityGlobals) = postSolution
		SolutionGuid = {78E5EEB5-C204-4613-AECA-8E145BA2A14A}
	EndGlobalSection
EndGlobal
